
Microsoft Visual Studio Solution File, Format Version 12.00
# Visual Studio Version 17
VisualStudioVersion = 17.8.34525.116
MinimumVisualStudioVersion = 10.0.40219.1
Project("{9A19103F-16F7-4668-BE54-9A1E7A4F7556}") = "Api_AIKO", "Api_AIKO.csproj", "{CC07A3C9-795A-4ACB-9DC9-8A599DFBDDAF}"
EndProject
Global
	GlobalSection(SolutionConfigurationPlatforms) = preSolution
		Debug|Any CPU = Debug|Any CPU
		Release|Any CPU = Release|Any CPU
	EndGlobalSection
	GlobalSection(ProjectConfigurationPlatforms) = postSolution
		{CC07A3C9-795A-4ACB-9DC9-8A599DFBDDAF}.Debug|Any CPU.ActiveCfg = Debug|Any CPU
		{CC07A3C9-795A-4ACB-9DC9-8A599DFBDDAF}.Debug|Any CPU.Build.0 = Debug|Any CPU
		{CC07A3C9-795A-4ACB-9DC9-8A599DFBDDAF}.Release|Any CPU.ActiveCfg = Release|Any CPU
		{CC07A3C9-795A-4ACB-9DC9-8A599DFBDDAF}.Release|Any CPU.Build.0 = Release|Any CPU
	EndGlobalSection
	GlobalSection(SolutionProperties) = preSolution
		HideSolutionNode = FALSE
	EndGlobalSection
	GlobalSection(ExtensibilityGlobals) = postSolution
		SolutionGuid = {64A57F3F-3D00-45B1-9A2C-AE99179FEDEC}
	EndGlobalSection
EndGlobal
